
Microsoft Visual Studio Solution File, Format Version 12.00
# Visual Studio Version 17
VisualStudioVersion = 17.14.36429.23
MinimumVisualStudioVersion = 10.0.40219.1
Project("{2150E333-8FDC-42A3-9474-1A3956D46DE8}") = "Task0", "Task0", "{02EA681E-C7D8-13C7-8484-4AC65E1B71E8}"
EndProject
Project("{FAE04EC0-301F-11D3-BF4B-00C04F79EFBC}") = "Tyuiu.ShelomentsevYA.Sprint6.Task0.V21.Lib", "Tyuiu.ShelomentsevYA.Sprint6.Task0.V21.Lib\Tyuiu.ShelomentsevYA.Sprint6.Task0.V21.Lib.csproj", "{C917E943-BA1C-4699-B32E-701553AB9E45}"
EndProject
Project("{FAE04EC0-301F-11D3-BF4B-00C04F79EFBC}") = "Tyuiu.ShelomentsevYA.Sprint6.Task0.V21.Test", "Tyuiu.ShelomentsevYA.Sprint6.Task0.V21.Test\Tyuiu.ShelomentsevYA.Sprint6.Task0.V21.Test.csproj", "{991BCB8D-49CF-43F5-AC7C-D1637F97D95D}"
EndProject
Project("{FAE04EC0-301F-11D3-BF4B-00C04F79EFBC}") = "Tyuiu.ShelomentsevYA.Sprint6.Task0.V21", "Tyuiu.ShelomentsevYA.Sprint6.Task0.V21\Tyuiu.ShelomentsevYA.Sprint6.Task0.V21.csproj", "{D7C464C6-0361-463D-9E01-5DBB6A5C8B4B}"
EndProject
Project("{2150E333-8FDC-42A3-9474-1A3956D46DE8}") = "Task1", "Task1", "{4649AF54-0398-4F70-A83D-3FDC5CCD1661}"
EndProject
Project("{FAE04EC0-301F-11D3-BF4B-00C04F79EFBC}") = "Tyuiu.ShelomentsevYA.Sprint6.Task1.V20", "Tyuiu.ShelomentsevYA.Sprint6.Task1.V20\Tyuiu.ShelomentsevYA.Sprint6.Task1.V20.csproj", "{26B8CF6E-698D-4276-A154-C5E59989A14C}"
EndProject
Project("{FAE04EC0-301F-11D3-BF4B-00C04F79EFBC}") = "Tyuiu.ShelomentsevYA.Sprint6.Task1.V20.Lib", "Tyuiu.ShelomentsevYA.Sprint6.Task1.V20.Lib\Tyuiu.ShelomentsevYA.Sprint6.Task1.V20.Lib.csproj", "{9F283F1A-FB75-48A5-A464-0FD21906B7F5}"
EndProject
Project("{FAE04EC0-301F-11D3-BF4B-00C04F79EFBC}") = "Tyuiu.ShelomentsevYA.Sprint6.Task1.V20.Test", "Tyuiu.ShelomentsevYA.Sprint6.Task1.V20.Test\Tyuiu.ShelomentsevYA.Sprint6.Task1.V20.Test.csproj", "{D08309B9-5690-428F-8256-854D269F20A3}"
EndProject
Project("{2150E333-8FDC-42A3-9474-1A3956D46DE8}") = "Task2", "Task2", "{3EB11987-879E-4489-8714-8C51F64486EA}"
EndProject
Project("{FAE04EC0-301F-11D3-BF4B-00C04F79EFBC}") = "Tyuiu.ShelomentsevYA.Sprint6.Task2.V23.Lib", "Tyuiu.ShelomentsevYA.Sprint6.Task2.V23.Lib\Tyuiu.ShelomentsevYA.Sprint6.Task2.V23.Lib.csproj", "{6206F8EF-5972-4E48-AB14-A2E7D7FDB74B}"
EndProject
Project("{FAE04EC0-301F-11D3-BF4B-00C04F79EFBC}") = "Tyuiu.ShelomentsevYA.Sprint6.Task2.V23.Test", "Tyuiu.ShelomentsevYA.Sprint6.Task2.V23.Test\Tyuiu.ShelomentsevYA.Sprint6.Task2.V23.Test.csproj", "{2015CC1B-9154-4C12-A6EF-4CC5779FE80E}"
EndProject
Project("{FAE04EC0-301F-11D3-BF4B-00C04F79EFBC}") = "Tyuiu.ShelomentsevYA.Sprint6.Task2.V23", "Tyuiu.ShelomentsevYA.Sprint6.Task2.V23\Tyuiu.ShelomentsevYA.Sprint6.Task2.V23.csproj", "{7418B285-947A-415D-8B34-DCD2F5ECD8D4}"
EndProject
Project("{2150E333-8FDC-42A3-9474-1A3956D46DE8}") = "Task3", "Task3", "{62BE85A2-5E18-422F-BF82-BBFE9AEA98B3}"
EndProject
Project("{FAE04EC0-301F-11D3-BF4B-00C04F79EFBC}") = "Tyuiu.ShelomentsevYA.Sprint6.Task3.V24.Lib", "Tyuiu.ShelomentsevYA.Sprint6.Task3.V24.Lib\Tyuiu.ShelomentsevYA.Sprint6.Task3.V24.Lib.csproj", "{DB160F7E-10CA-4603-9DDB-14B054FA4692}"
EndProject
Project("{FAE04EC0-301F-11D3-BF4B-00C04F79EFBC}") = "Tyuiu.ShelomentsevYA.Sprint6.Task3.V24", "Tyuiu.ShelomentsevYA.Sprint6.Task3.V24\Tyuiu.ShelomentsevYA.Sprint6.Task3.V24.csproj", "{1E6D40DF-D266-4B14-AACC-3D364CF42902}"
EndProject
Project("{FAE04EC0-301F-11D3-BF4B-00C04F79EFBC}") = "Tyuiu.ShelomentsevYA.Sprint6.Task3.V24.Test", "Tyuiu.ShelomentsevYA.Sprint6.Task3.V24.Test\Tyuiu.ShelomentsevYA.Sprint6.Task3.V24.Test.csproj", "{96C85FE8-551E-4E62-86DB-2683E289C161}"
EndProject
Project("{2150E333-8FDC-42A3-9474-1A3956D46DE8}") = "Task4", "Task4", "{4EB71CC5-F389-49F0-B63B-B6B6EC123407}"
EndProject
Project("{FAE04EC0-301F-11D3-BF4B-00C04F79EFBC}") = "Tyuiu.ShelomentsevYA.Sprint6.Task4.V30.Lib", "Tyuiu.ShelomentsevYA.Sprint6.Task4.V30.Lib\Tyuiu.ShelomentsevYA.Sprint6.Task4.V30.Lib.csproj", "{5421F14D-28A6-4776-A6AD-9E86E212BBCE}"
EndProject
Project("{FAE04EC0-301F-11D3-BF4B-00C04F79EFBC}") = "Tyuiu.ShelomentsevYA.Sprint6.Task4.V30", "Tyuiu.ShelomentsevYA.Sprint6.Task4.V30\Tyuiu.ShelomentsevYA.Sprint6.Task4.V30.csproj", "{758965E1-C37B-41C3-9508-43D5897BA75B}"
EndProject
Project("{FAE04EC0-301F-11D3-BF4B-00C04F79EFBC}") = "Tyuiu.ShelomentsevYA.Sprint6.Task4.V30.Test", "Tyuiu.ShelomentsevYA.Sprint6.Task4.V30.Test\Tyuiu.ShelomentsevYA.Sprint6.Task4.V30.Test.csproj", "{8A5CE1F7-01C0-4313-8F87-5A08279CF365}"
EndProject
Project("{2150E333-8FDC-42A3-9474-1A3956D46DE8}") = "Task5", "Task5", "{F067E62B-A794-4D84-AE39-F739FA4DBB52}"
EndProject
Project("{FAE04EC0-301F-11D3-BF4B-00C04F79EFBC}") = "Tyuiu.ShelomentsevYA.Sprint6.Task5.V21.Lib", "Tyuiu.ShelomentsevYA.Sprint6.Task5.V21.Lib\Tyuiu.ShelomentsevYA.Sprint6.Task5.V21.Lib.csproj", "{908ED4F1-B9C5-4D3A-9487-D447C2928B1E}"
EndProject
Project("{FAE04EC0-301F-11D3-BF4B-00C04F79EFBC}") = "Tyuiu.ShelomentsevYA.Sprint6.Task5.V21", "Tyuiu.ShelomentsevYA.Sprint6.Task5.V21\Tyuiu.ShelomentsevYA.Sprint6.Task5.V21.csproj", "{63428C75-8381-4B14-BDA7-C629E7C2446C}"
EndProject
Project("{FAE04EC0-301F-11D3-BF4B-00C04F79EFBC}") = "Tyuiu.ShelomentsevYA.Sprint6.Task5.V21.Test", "Tyuiu.ShelomentsevYA.Sprint6.Task5.V21.Test\Tyuiu.ShelomentsevYA.Sprint6.Task5.V21.Test.csproj", "{D4935439-D87F-4FFD-8E64-3ABACC6F554C}"
EndProject
Global
	GlobalSection(SolutionConfigurationPlatforms) = preSolution
		Debug|Any CPU = Debug|Any CPU
		Release|Any CPU = Release|Any CPU
	EndGlobalSection
	GlobalSection(ProjectConfigurationPlatforms) = postSolution
		{C917E943-BA1C-4699-B32E-701553AB9E45}.Debug|Any CPU.ActiveCfg = Debug|Any CPU
		{C917E943-BA1C-4699-B32E-701553AB9E45}.Debug|Any CPU.Build.0 = Debug|Any CPU
		{C917E943-BA1C-4699-B32E-701553AB9E45}.Release|Any CPU.ActiveCfg = Release|Any CPU
		{C917E943-BA1C-4699-B32E-701553AB9E45}.Release|Any CPU.Build.0 = Release|Any CPU
		{991BCB8D-49CF-43F5-AC7C-D1637F97D95D}.Debug|Any CPU.ActiveCfg = Debug|Any CPU
		{991BCB8D-49CF-43F5-AC7C-D1637F97D95D}.Debug|Any CPU.Build.0 = Debug|Any CPU
		{991BCB8D-49CF-43F5-AC7C-D1637F97D95D}.Release|Any CPU.ActiveCfg = Release|Any CPU
		{991BCB8D-49CF-43F5-AC7C-D1637F97D95D}.Release|Any CPU.Build.0 = Release|Any CPU
		{D7C464C6-0361-463D-9E01-5DBB6A5C8B4B}.Debug|Any CPU.ActiveCfg = Debug|Any CPU
		{D7C464C6-0361-463D-9E01-5DBB6A5C8B4B}.Debug|Any CPU.Build.0 = Debug|Any CPU
		{D7C464C6-0361-463D-9E01-5DBB6A5C8B4B}.Release|Any CPU.ActiveCfg = Release|Any CPU
		{D7C464C6-0361-463D-9E01-5DBB6A5C8B4B}.Release|Any CPU.Build.0 = Release|Any CPU
		{26B8CF6E-698D-4276-A154-C5E59989A14C}.Debug|Any CPU.ActiveCfg = Debug|Any CPU
		{26B8CF6E-698D-4276-A154-C5E59989A14C}.Debug|Any CPU.Build.0 = Debug|Any CPU
		{26B8CF6E-698D-4276-A154-C5E59989A14C}.Release|Any CPU.ActiveCfg = Release|Any CPU
		{26B8CF6E-698D-4276-A154-C5E59989A14C}.Release|Any CPU.Build.0 = Release|Any CPU
		{9F283F1A-FB75-48A5-A464-0FD21906B7F5}.Debug|Any CPU.ActiveCfg = Debug|Any CPU
		{9F283F1A-FB75-48A5-A464-0FD21906B7F5}.Debug|Any CPU.Build.0 = Debug|Any CPU
		{9F283F1A-FB75-48A5-A464-0FD21906B7F5}.Release|Any CPU.ActiveCfg = Release|Any CPU
		{9F283F1A-FB75-48A5-A464-0FD21906B7F5}.Release|Any CPU.Build.0 = Release|Any CPU
		{D08309B9-5690-428F-8256-854D269F20A3}.Debug|Any CPU.ActiveCfg = Debug|Any CPU
		{D08309B9-5690-428F-8256-854D269F20A3}.Debug|Any CPU.Build.0 = Debug|Any CPU
		{D08309B9-5690-428F-8256-854D269F20A3}.Release|Any CPU.ActiveCfg = Release|Any CPU
		{D08309B9-5690-428F-8256-854D269F20A3}.Release|Any CPU.Build.0 = Release|Any CPU
		{6206F8EF-5972-4E48-AB14-A2E7D7FDB74B}.Debug|Any CPU.ActiveCfg = Debug|Any CPU
		{6206F8EF-5972-4E48-AB14-A2E7D7FDB74B}.Debug|Any CPU.Build.0 = Debug|Any CPU
		{6206F8EF-5972-4E48-AB14-A2E7D7FDB74B}.Release|Any CPU.ActiveCfg = Release|Any CPU
		{6206F8EF-5972-4E48-AB14-A2E7D7FDB74B}.Release|Any CPU.Build.0 = Release|Any CPU
		{2015CC1B-9154-4C12-A6EF-4CC5779FE80E}.Debug|Any CPU.ActiveCfg = Debug|Any CPU
		{2015CC1B-9154-4C12-A6EF-4CC5779FE80E}.Debug|Any CPU.Build.0 = Debug|Any CPU
		{2015CC1B-9154-4C12-A6EF-4CC5779FE80E}.Release|Any CPU.ActiveCfg = Release|Any CPU
		{2015CC1B-9154-4C12-A6EF-4CC5779FE80E}.Release|Any CPU.Build.0 = Release|Any CPU
		{7418B285-947A-415D-8B34-DCD2F5ECD8D4}.Debug|Any CPU.ActiveCfg = Debug|Any CPU
		{7418B285-947A-415D-8B34-DCD2F5ECD8D4}.Debug|Any CPU.Build.0 = Debug|Any CPU
		{7418B285-947A-415D-8B34-DCD2F5ECD8D4}.Release|Any CPU.ActiveCfg = Release|Any CPU
		{7418B285-947A-415D-8B34-DCD2F5ECD8D4}.Release|Any CPU.Build.0 = Release|Any CPU
		{DB160F7E-10CA-4603-9DDB-14B054FA4692}.Debug|Any CPU.ActiveCfg = Debug|Any CPU
		{DB160F7E-10CA-4603-9DDB-14B054FA4692}.Debug|Any CPU.Build.0 = Debug|Any CPU
		{DB160F7E-10CA-4603-9DDB-14B054FA4692}.Release|Any CPU.ActiveCfg = Release|Any CPU
		{DB160F7E-10CA-4603-9DDB-14B054FA4692}.Release|Any CPU.Build.0 = Release|Any CPU
		{1E6D40DF-D266-4B14-AACC-3D364CF42902}.Debug|Any CPU.ActiveCfg = Debug|Any CPU
		{1E6D40DF-D266-4B14-AACC-3D364CF42902}.Debug|Any CPU.Build.0 = Debug|Any CPU
		{1E6D40DF-D266-4B14-AACC-3D364CF42902}.Release|Any CPU.ActiveCfg = Release|Any CPU
		{1E6D40DF-D266-4B14-AACC-3D364CF42902}.Release|Any CPU.Build.0 = Release|Any CPU
		{96C85FE8-551E-4E62-86DB-2683E289C161}.Debug|Any CPU.ActiveCfg = Debug|Any CPU
		{96C85FE8-551E-4E62-86DB-2683E289C161}.Debug|Any CPU.Build.0 = Debug|Any CPU
		{96C85FE8-551E-4E62-86DB-2683E289C161}.Release|Any CPU.ActiveCfg = Release|Any CPU
		{96C85FE8-551E-4E62-86DB-2683E289C161}.Release|Any CPU.Build.0 = Release|Any CPU
		{5421F14D-28A6-4776-A6AD-9E86E212BBCE}.Debug|Any CPU.ActiveCfg = Debug|Any CPU
		{5421F14D-28A6-4776-A6AD-9E86E212BBCE}.Debug|Any CPU.Build.0 = Debug|Any CPU
		{5421F14D-28A6-4776-A6AD-9E86E212BBCE}.Release|Any CPU.ActiveCfg = Release|Any CPU
		{5421F14D-28A6-4776-A6AD-9E86E212BBCE}.Release|Any CPU.Build.0 = Release|Any CPU
		{758965E1-C37B-41C3-9508-43D5897BA75B}.Debug|Any CPU.ActiveCfg = Debug|Any CPU
		{758965E1-C37B-41C3-9508-43D5897BA75B}.Debug|Any CPU.Build.0 = Debug|Any CPU
		{758965E1-C37B-41C3-9508-43D5897BA75B}.Release|Any CPU.ActiveCfg = Release|Any CPU
		{758965E1-C37B-41C3-9508-43D5897BA75B}.Release|Any CPU.Build.0 = Release|Any CPU
		{8A5CE1F7-01C0-4313-8F87-5A08279CF365}.Debug|Any CPU.ActiveCfg = Debug|Any CPU
		{8A5CE1F7-01C0-4313-8F87-5A08279CF365}.Debug|Any CPU.Build.0 = Debug|Any CPU
		{8A5CE1F7-01C0-4313-8F87-5A08279CF365}.Release|Any CPU.ActiveCfg = Release|Any CPU
		{8A5CE1F7-01C0-4313-8F87-5A08279CF365}.Release|Any CPU.Build.0 = Release|Any CPU
		{908ED4F1-B9C5-4D3A-9487-D447C2928B1E}.Debug|Any CPU.ActiveCfg = Debug|Any CPU
		{908ED4F1-B9C5-4D3A-9487-D447C2928B1E}.Debug|Any CPU.Build.0 = Debug|Any CPU
		{908ED4F1-B9C5-4D3A-9487-D447C2928B1E}.Release|Any CPU.ActiveCfg = Release|Any CPU
		{908ED4F1-B9C5-4D3A-9487-D447C2928B1E}.Release|Any CPU.Build.0 = Release|Any CPU
		{63428C75-8381-4B14-BDA7-C629E7C2446C}.Debug|Any CPU.ActiveCfg = Debug|Any CPU
		{63428C75-8381-4B14-BDA7-C629E7C2446C}.Debug|Any CPU.Build.0 = Debug|Any CPU
		{63428C75-8381-4B14-BDA7-C629E7C2446C}.Release|Any CPU.ActiveCfg = Release|Any CPU
		{63428C75-8381-4B14-BDA7-C629E7C2446C}.Release|Any CPU.Build.0 = Release|Any CPU
		{D4935439-D87F-4FFD-8E64-3ABACC6F554C}.Debug|Any CPU.ActiveCfg = Debug|Any CPU
		{D4935439-D87F-4FFD-8E64-3ABACC6F554C}.Debug|Any CPU.Build.0 = Debug|Any CPU
		{D4935439-D87F-4FFD-8E64-3ABACC6F554C}.Release|Any CPU.ActiveCfg = Release|Any CPU
		{D4935439-D87F-4FFD-8E64-3ABACC6F554C}.Release|Any CPU.Build.0 = Release|Any CPU
	EndGlobalSection
	GlobalSection(SolutionProperties) = preSolution
		HideSolutionNode = FALSE
	EndGlobalSection
	GlobalSection(NestedProjects) = preSolution
		{C917E943-BA1C-4699-B32E-701553AB9E45} = {02EA681E-C7D8-13C7-8484-4AC65E1B71E8}
		{991BCB8D-49CF-43F5-AC7C-D1637F97D95D} = {02EA681E-C7D8-13C7-8484-4AC65E1B71E8}
		{D7C464C6-0361-463D-9E01-5DBB6A5C8B4B} = {02EA681E-C7D8-13C7-8484-4AC65E1B71E8}
		{26B8CF6E-698D-4276-A154-C5E59989A14C} = {4649AF54-0398-4F70-A83D-3FDC5CCD1661}
		{9F283F1A-FB75-48A5-A464-0FD21906B7F5} = {4649AF54-0398-4F70-A83D-3FDC5CCD1661}
		{D08309B9-5690-428F-8256-854D269F20A3} = {4649AF54-0398-4F70-A83D-3FDC5CCD1661}
		{6206F8EF-5972-4E48-AB14-A2E7D7FDB74B} = {3EB11987-879E-4489-8714-8C51F64486EA}
		{2015CC1B-9154-4C12-A6EF-4CC5779FE80E} = {3EB11987-879E-4489-8714-8C51F64486EA}
		{7418B285-947A-415D-8B34-DCD2F5ECD8D4} = {3EB11987-879E-4489-8714-8C51F64486EA}
		{DB160F7E-10CA-4603-9DDB-14B054FA4692} = {62BE85A2-5E18-422F-BF82-BBFE9AEA98B3}
		{1E6D40DF-D266-4B14-AACC-3D364CF42902} = {62BE85A2-5E18-422F-BF82-BBFE9AEA98B3}
		{96C85FE8-551E-4E62-86DB-2683E289C161} = {62BE85A2-5E18-422F-BF82-BBFE9AEA98B3}
		{5421F14D-28A6-4776-A6AD-9E86E212BBCE} = {4EB71CC5-F389-49F0-B63B-B6B6EC123407}
		{758965E1-C37B-41C3-9508-43D5897BA75B} = {4EB71CC5-F389-49F0-B63B-B6B6EC123407}
		{8A5CE1F7-01C0-4313-8F87-5A08279CF365} = {4EB71CC5-F389-49F0-B63B-B6B6EC123407}
		{908ED4F1-B9C5-4D3A-9487-D447C2928B1E} = {F067E62B-A794-4D84-AE39-F739FA4DBB52}
		{63428C75-8381-4B14-BDA7-C629E7C2446C} = {F067E62B-A794-4D84-AE39-F739FA4DBB52}
		{D4935439-D87F-4FFD-8E64-3ABACC6F554C} = {F067E62B-A794-4D84-AE39-F739FA4DBB52}
	EndGlobalSection
	GlobalSection(ExtensibilityGlobals) = postSolution
		SolutionGuid = {4CACC8D3-E29B-40B5-A4E3-861B72CCD754}
	EndGlobalSection
EndGlobal
